
Microsoft Visual Studio Solution File, Format Version 12.00
# Visual Studio Version 17
VisualStudioVersion = 17.2.32630.192
MinimumVisualStudioVersion = 10.0.40219.1
Project("{9A19103F-16F7-4668-BE54-9A1E7A4F7556}") = "MMOGANet", "MMOGANet\MMOGANet.csproj", "{2832ED59-5C50-4C02-944F-750F209EB415}"
EndProject
Project("{FAE04EC0-301F-11D3-BF4B-00C04F79EFBC}") = "MMOGANetDemo", "MMOGANetDemo\MMOGANetDemo.csproj", "{D8E49491-9940-4715-8EBD-3203A3299F7F}"
	ProjectSection(ProjectDependencies) = postProject
		{2832ED59-5C50-4C02-944F-750F209EB415} = {2832ED59-5C50-4C02-944F-750F209EB415}
	EndProjectSection
EndProject
Global
	GlobalSection(SolutionConfigurationPlatforms) = preSolution
		Debug|Any CPU = Debug|Any CPU
		Release|Any CPU = Release|Any CPU
	EndGlobalSection
	GlobalSection(ProjectConfigurationPlatforms) = postSolution
		{2832ED59-5C50-4C02-944F-750F209EB415}.Debug|Any CPU.ActiveCfg = Debug|Any CPU
		{2832ED59-5C50-4C02-944F-750F209EB415}.Debug|Any CPU.Build.0 = Debug|Any CPU
		{2832ED59-5C50-4C02-944F-750F209EB415}.Release|Any CPU.ActiveCfg = Release|Any CPU
		{2832ED59-5C50-4C02-944F-750F209EB415}.Release|Any CPU.Build.0 = Release|Any CPU
		{D8E49491-9940-4715-8EBD-3203A3299F7F}.Debug|Any CPU.ActiveCfg = Debug|Any CPU
		{D8E49491-9940-4715-8EBD-3203A3299F7F}.Debug|Any CPU.Build.0 = Debug|Any CPU
		{D8E49491-9940-4715-8EBD-3203A3299F7F}.Release|Any CPU.ActiveCfg = Release|Any CPU
		{D8E49491-9940-4715-8EBD-3203A3299F7F}.Release|Any CPU.Build.0 = Release|Any CPU
	EndGlobalSection
	GlobalSection(SolutionProperties) = preSolution
		HideSolutionNode = FALSE
	EndGlobalSection
	GlobalSection(ExtensibilityGlobals) = postSolution
		SolutionGuid = {CCBB5E65-103E-44F5-B821-4B9C187469F2}
	EndGlobalSection
EndGlobal
